// !$*UTF8*$!
{
	archiveVersion = 1;
	classes = {
	};
	objectVersion = 46;
	objects = {

/* Begin PBXBuildFile section */
		8B1159AECCF97560D118BD5B /* Pods_productCompatibility.framework in Frameworks */ = {isa = PBXBuildFile; fileRef = ADCD3FB5ECC33E4DCED3F011 /* Pods_productCompatibility.framework */; };
		C31C5C521D359AE4007CDF38 /* SecondScannerViewController.swift in Sources */ = {isa = PBXBuildFile; fileRef = C31C5C511D359AE4007CDF38 /* SecondScannerViewController.swift */; };
		C31C5C541D35A21B007CDF38 /* ThankYouViewController.swift in Sources */ = {isa = PBXBuildFile; fileRef = C31C5C531D35A21B007CDF38 /* ThankYouViewController.swift */; };
		C31C5C561D35A295007CDF38 /* InputSelectionViewController.swift in Sources */ = {isa = PBXBuildFile; fileRef = C31C5C551D35A295007CDF38 /* InputSelectionViewController.swift */; };
		C33EB1C61D2F12D100E276C4 /* FirstScannerViewController.swift in Sources */ = {isa = PBXBuildFile; fileRef = C33EB1C51D2F12D100E276C4 /* FirstScannerViewController.swift */; };
		C36851891D26E94000F4DC2C /* AppDelegate.swift in Sources */ = {isa = PBXBuildFile; fileRef = C36851881D26E94000F4DC2C /* AppDelegate.swift */; };
		C368518B1D26E94000F4DC2C /* ManualInputViewController.swift in Sources */ = {isa = PBXBuildFile; fileRef = C368518A1D26E94000F4DC2C /* ManualInputViewController.swift */; };
		C368518E1D26E94000F4DC2C /* Main.storyboard in Resources */ = {isa = PBXBuildFile; fileRef = C368518C1D26E94000F4DC2C /* Main.storyboard */; };
		C36851901D26E94000F4DC2C /* Assets.xcassets in Resources */ = {isa = PBXBuildFile; fileRef = C368518F1D26E94000F4DC2C /* Assets.xcassets */; };
		C36851931D26E94000F4DC2C /* LaunchScreen.storyboard in Resources */ = {isa = PBXBuildFile; fileRef = C36851911D26E94000F4DC2C /* LaunchScreen.storyboard */; };
		C384E3F01D2702400036B972 /* bby.png in Resources */ = {isa = PBXBuildFile; fileRef = C384E3EF1D2702400036B972 /* bby.png */; };
		C384E3F31D2704D00036B972 /* greenmark.png in Resources */ = {isa = PBXBuildFile; fileRef = C384E3F21D2704D00036B972 /* greenmark.png */; };
		C3C08D9D1D2EE34B006F8E73 /* ScannerInputViewController.swift in Sources */ = {isa = PBXBuildFile; fileRef = C3C08D9C1D2EE34B006F8E73 /* ScannerInputViewController.swift */; };
		C3D089401D2D830F009533BB /* BBYAPIController.swift in Sources */ = {isa = PBXBuildFile; fileRef = C3D0893F1D2D830F009533BB /* BBYAPIController.swift */; };
/* End PBXBuildFile section */

/* Begin PBXFileReference section */
		5D8AFED0AA911D62DF3CBB44 /* Pods-productCompatibility.debug.xcconfig */ = {isa = PBXFileReference; includeInIndex = 1; lastKnownFileType = text.xcconfig; name = "Pods-productCompatibility.debug.xcconfig"; path = "Pods/Target Support Files/Pods-productCompatibility/Pods-productCompatibility.debug.xcconfig"; sourceTree = "<group>"; };
		7D9F0F3B7454D1C0C33C254A /* Pods-productCompatibility.release.xcconfig */ = {isa = PBXFileReference; includeInIndex = 1; lastKnownFileType = text.xcconfig; name = "Pods-productCompatibility.release.xcconfig"; path = "Pods/Target Support Files/Pods-productCompatibility/Pods-productCompatibility.release.xcconfig"; sourceTree = "<group>"; };
		ADCD3FB5ECC33E4DCED3F011 /* Pods_productCompatibility.framework */ = {isa = PBXFileReference; explicitFileType = wrapper.framework; includeInIndex = 0; path = Pods_productCompatibility.framework; sourceTree = BUILT_PRODUCTS_DIR; };
		C31C5C511D359AE4007CDF38 /* SecondScannerViewController.swift */ = {isa = PBXFileReference; fileEncoding = 4; lastKnownFileType = sourcecode.swift; path = SecondScannerViewController.swift; sourceTree = "<group>"; };
		C31C5C531D35A21B007CDF38 /* ThankYouViewController.swift */ = {isa = PBXFileReference; fileEncoding = 4; lastKnownFileType = sourcecode.swift; path = ThankYouViewController.swift; sourceTree = "<group>"; };
		C31C5C551D35A295007CDF38 /* InputSelectionViewController.swift */ = {isa = PBXFileReference; fileEncoding = 4; lastKnownFileType = sourcecode.swift; path = InputSelectionViewController.swift; sourceTree = "<group>"; };
		C33EB1C51D2F12D100E276C4 /* FirstScannerViewController.swift */ = {isa = PBXFileReference; fileEncoding = 4; lastKnownFileType = sourcecode.swift; path = FirstScannerViewController.swift; sourceTree = "<group>"; };
		C36851851D26E94000F4DC2C /* productCompatibility.app */ = {isa = PBXFileReference; explicitFileType = wrapper.application; includeInIndex = 0; path = productCompatibility.app; sourceTree = BUILT_PRODUCTS_DIR; };
		C36851881D26E94000F4DC2C /* AppDelegate.swift */ = {isa = PBXFileReference; lastKnownFileType = sourcecode.swift; path = AppDelegate.swift; sourceTree = "<group>"; };
		C368518A1D26E94000F4DC2C /* ManualInputViewController.swift */ = {isa = PBXFileReference; lastKnownFileType = sourcecode.swift; path = ManualInputViewController.swift; sourceTree = "<group>"; };
		C368518D1D26E94000F4DC2C /* Base */ = {isa = PBXFileReference; lastKnownFileType = file.storyboard; name = Base; path = Base.lproj/Main.storyboard; sourceTree = "<group>"; };
		C368518F1D26E94000F4DC2C /* Assets.xcassets */ = {isa = PBXFileReference; lastKnownFileType = folder.assetcatalog; path = Assets.xcassets; sourceTree = "<group>"; };
		C36851921D26E94000F4DC2C /* Base */ = {isa = PBXFileReference; lastKnownFileType = file.storyboard; name = Base; path = Base.lproj/LaunchScreen.storyboard; sourceTree = "<group>"; };
		C36851941D26E94000F4DC2C /* Info.plist */ = {isa = PBXFileReference; lastKnownFileType = text.plist.xml; path = Info.plist; sourceTree = "<group>"; };
		C384E3EF1D2702400036B972 /* bby.png */ = {isa = PBXFileReference; lastKnownFileType = image.png; path = bby.png; sourceTree = "<group>"; };
		C384E3F21D2704D00036B972 /* greenmark.png */ = {isa = PBXFileReference; lastKnownFileType = image.png; path = greenmark.png; sourceTree = "<group>"; };
		C3C08D9C1D2EE34B006F8E73 /* ScannerInputViewController.swift */ = {isa = PBXFileReference; fileEncoding = 4; lastKnownFileType = sourcecode.swift; path = ScannerInputViewController.swift; sourceTree = "<group>"; };
		C3D0893F1D2D830F009533BB /* BBYAPIController.swift */ = {isa = PBXFileReference; fileEncoding = 4; lastKnownFileType = sourcecode.swift; path = BBYAPIController.swift; sourceTree = "<group>"; };
/* End PBXFileReference section */

/* Begin PBXFrameworksBuildPhase section */
		C36851821D26E94000F4DC2C /* Frameworks */ = {
			isa = PBXFrameworksBuildPhase;
			buildActionMask = 2147483647;
			files = (
				8B1159AECCF97560D118BD5B /* Pods_productCompatibility.framework in Frameworks */,
			);
			runOnlyForDeploymentPostprocessing = 0;
		};
/* End PBXFrameworksBuildPhase section */

/* Begin PBXGroup section */
		032499EC719CD8BFC0B84E3E /* Frameworks */ = {
			isa = PBXGroup;
			children = (
				ADCD3FB5ECC33E4DCED3F011 /* Pods_productCompatibility.framework */,
			);
			name = Frameworks;
			sourceTree = "<group>";
		};
		5C1F465E516F435429C23DD9 /* Pods */ = {
			isa = PBXGroup;
			children = (
				5D8AFED0AA911D62DF3CBB44 /* Pods-productCompatibility.debug.xcconfig */,
				7D9F0F3B7454D1C0C33C254A /* Pods-productCompatibility.release.xcconfig */,
			);
			name = Pods;
			sourceTree = "<group>";
		};
		C368517C1D26E94000F4DC2C = {
			isa = PBXGroup;
			children = (
				C36851871D26E94000F4DC2C /* productCompatibility */,
				C36851861D26E94000F4DC2C /* Products */,
				5C1F465E516F435429C23DD9 /* Pods */,
				032499EC719CD8BFC0B84E3E /* Frameworks */,
			);
			sourceTree = "<group>";
		};
		C36851861D26E94000F4DC2C /* Products */ = {
			isa = PBXGroup;
			children = (
				C36851851D26E94000F4DC2C /* productCompatibility.app */,
			);
			name = Products;
			sourceTree = "<group>";
		};
		C36851871D26E94000F4DC2C /* productCompatibility */ = {
			isa = PBXGroup;
			children = (
				C36851881D26E94000F4DC2C /* AppDelegate.swift */,
				C368518A1D26E94000F4DC2C /* ManualInputViewController.swift */,
				C3C08D9C1D2EE34B006F8E73 /* ScannerInputViewController.swift */,
				C33EB1C51D2F12D100E276C4 /* FirstScannerViewController.swift */,
				C31C5C511D359AE4007CDF38 /* SecondScannerViewController.swift */,
				C3D0893F1D2D830F009533BB /* BBYAPIController.swift */,
				C31C5C531D35A21B007CDF38 /* ThankYouViewController.swift */,
				C31C5C551D35A295007CDF38 /* InputSelectionViewController.swift */,
				C368518C1D26E94000F4DC2C /* Main.storyboard */,
				C384E3F11D2702520036B972 /* Images */,
				C368518F1D26E94000F4DC2C /* Assets.xcassets */,
				C36851911D26E94000F4DC2C /* LaunchScreen.storyboard */,
				C36851941D26E94000F4DC2C /* Info.plist */,
			);
			path = productCompatibility;
			sourceTree = "<group>";
		};
		C384E3F11D2702520036B972 /* Images */ = {
			isa = PBXGroup;
			children = (
				C384E3F21D2704D00036B972 /* greenmark.png */,
				C384E3EF1D2702400036B972 /* bby.png */,
			);
			name = Images;
			sourceTree = "<group>";
		};
/* End PBXGroup section */

/* Begin PBXNativeTarget section */
		C36851841D26E94000F4DC2C /* productCompatibility */ = {
			isa = PBXNativeTarget;
			buildConfigurationList = C36851971D26E94000F4DC2C /* Build configuration list for PBXNativeTarget "productCompatibility" */;
			buildPhases = (
				B80432F06B20A747A34EAFF1 /* [CP] Check Pods Manifest.lock */,
				C36851811D26E94000F4DC2C /* Sources */,
				C36851821D26E94000F4DC2C /* Frameworks */,
				C36851831D26E94000F4DC2C /* Resources */,
				0AF997D5A0A8DFF8EC573074 /* [CP] Embed Pods Frameworks */,
				B02CD0136C96ACEEC70F3547 /* [CP] Copy Pods Resources */,
			);
			buildRules = (
			);
			dependencies = (
			);
			name = productCompatibility;
			productName = productCompatibility;
			productReference = C36851851D26E94000F4DC2C /* productCompatibility.app */;
			productType = "com.apple.product-type.application";
		};
/* End PBXNativeTarget section */

/* Begin PBXProject section */
		C368517D1D26E94000F4DC2C /* Project object */ = {
			isa = PBXProject;
			attributes = {
				LastSwiftUpdateCheck = 0730;
				LastUpgradeCheck = 0730;
				ORGANIZATIONNAME = "Best Buy, Inc.";
				TargetAttributes = {
					C36851841D26E94000F4DC2C = {
						CreatedOnToolsVersion = 7.3.1;
						DevelopmentTeam = L2Z36RPS3K;
					};
				};
			};
			buildConfigurationList = C36851801D26E94000F4DC2C /* Build configuration list for PBXProject "productCompatibility" */;
			compatibilityVersion = "Xcode 3.2";
			developmentRegion = English;
			hasScannedForEncodings = 0;
			knownRegions = (
				en,
				Base,
			);
			mainGroup = C368517C1D26E94000F4DC2C;
			productRefGroup = C36851861D26E94000F4DC2C /* Products */;
			projectDirPath = "";
			projectRoot = "";
			targets = (
				C36851841D26E94000F4DC2C /* productCompatibility */,
			);
		};
/* End PBXProject section */

/* Begin PBXResourcesBuildPhase section */
		C36851831D26E94000F4DC2C /* Resources */ = {
			isa = PBXResourcesBuildPhase;
			buildActionMask = 2147483647;
			files = (
				C36851931D26E94000F4DC2C /* LaunchScreen.storyboard in Resources */,
				C384E3F01D2702400036B972 /* bby.png in Resources */,
				C36851901D26E94000F4DC2C /* Assets.xcassets in Resources */,
				C384E3F31D2704D00036B972 /* greenmark.png in Resources */,
				C368518E1D26E94000F4DC2C /* Main.storyboard in Resources */,
			);
			runOnlyForDeploymentPostprocessing = 0;
		};
/* End PBXResourcesBuildPhase section */

/* Begin PBXShellScriptBuildPhase section */
		0AF997D5A0A8DFF8EC573074 /* [CP] Embed Pods Frameworks */ = {
			isa = PBXShellScriptBuildPhase;
			buildActionMask = 2147483647;
			files = (
			);
			inputPaths = (
			);
			name = "[CP] Embed Pods Frameworks";
			outputPaths = (
			);
			runOnlyForDeploymentPostprocessing = 0;
			shellPath = /bin/sh;
			shellScript = "\"${SRCROOT}/Pods/Target Support Files/Pods-productCompatibility/Pods-productCompatibility-frameworks.sh\"\n";
			showEnvVarsInLog = 0;
		};
		B02CD0136C96ACEEC70F3547 /* [CP] Copy Pods Resources */ = {
			isa = PBXShellScriptBuildPhase;
			buildActionMask = 2147483647;
			files = (
			);
			inputPaths = (
			);
			name = "[CP] Copy Pods Resources";
			outputPaths = (
			);
			runOnlyForDeploymentPostprocessing = 0;
			shellPath = /bin/sh;
			shellScript = "\"${SRCROOT}/Pods/Target Support Files/Pods-productCompatibility/Pods-productCompatibility-resources.sh\"\n";
			showEnvVarsInLog = 0;
		};
		B80432F06B20A747A34EAFF1 /* [CP] Check Pods Manifest.lock */ = {
			isa = PBXShellScriptBuildPhase;
			buildActionMask = 2147483647;
			files = (
			);
			inputPaths = (
			);
			name = "[CP] Check Pods Manifest.lock";
			outputPaths = (
			);
			runOnlyForDeploymentPostprocessing = 0;
			shellPath = /bin/sh;
			shellScript = "diff \"${PODS_ROOT}/../Podfile.lock\" \"${PODS_ROOT}/Manifest.lock\" > /dev/null\nif [[ $? != 0 ]] ; then\n    cat << EOM\nerror: The sandbox is not in sync with the Podfile.lock. Run 'pod install' or update your CocoaPods installation.\nEOM\n    exit 1\nfi\n";
			showEnvVarsInLog = 0;
		};
/* End PBXShellScriptBuildPhase section */

/* Begin PBXSourcesBuildPhase section */
		C36851811D26E94000F4DC2C /* Sources */ = {
			isa = PBXSourcesBuildPhase;
			buildActionMask = 2147483647;
			files = (
				C33EB1C61D2F12D100E276C4 /* FirstScannerViewController.swift in Sources */,
				C368518B1D26E94000F4DC2C /* ManualInputViewController.swift in Sources */,
				C31C5C561D35A295007CDF38 /* InputSelectionViewController.swift in Sources */,
				C3C08D9D1D2EE34B006F8E73 /* ScannerInputViewController.swift in Sources */,
				C31C5C541D35A21B007CDF38 /* ThankYouViewController.swift in Sources */,
				C36851891D26E94000F4DC2C /* AppDelegate.swift in Sources */,
				C3D089401D2D830F009533BB /* BBYAPIController.swift in Sources */,
				C31C5C521D359AE4007CDF38 /* SecondScannerViewController.swift in Sources */,
			);
			runOnlyForDeploymentPostprocessing = 0;
		};
/* End PBXSourcesBuildPhase section */

/* Begin PBXVariantGroup section */
		C368518C1D26E94000F4DC2C /* Main.storyboard */ = {
			isa = PBXVariantGroup;
			children = (
				C368518D1D26E94000F4DC2C /* Base */,
			);
			name = Main.storyboard;
			sourceTree = "<group>";
		};
		C36851911D26E94000F4DC2C /* LaunchScreen.storyboard */ = {
			isa = PBXVariantGroup;
			children = (
				C36851921D26E94000F4DC2C /* Base */,
			);
			name = LaunchScreen.storyboard;
			sourceTree = "<group>";
		};
/* End PBXVariantGroup section */

/* Begin XCBuildConfiguration section */
		C36851951D26E94000F4DC2C /* Debug */ = {
			isa = XCBuildConfiguration;
			buildSettings = {
				ALWAYS_SEARCH_USER_PATHS = NO;
				CLANG_ANALYZER_NONNULL = YES;
				CLANG_CXX_LANGUAGE_STANDARD = "gnu++0x";
				CLANG_CXX_LIBRARY = "libc++";
				CLANG_ENABLE_MODULES = YES;
				CLANG_ENABLE_OBJC_ARC = YES;
				CLANG_WARN_BOOL_CONVERSION = YES;
				CLANG_WARN_CONSTANT_CONVERSION = YES;
				CLANG_WARN_DIRECT_OBJC_ISA_USAGE = YES_ERROR;
				CLANG_WARN_EMPTY_BODY = YES;
				CLANG_WARN_ENUM_CONVERSION = YES;
				CLANG_WARN_INT_CONVERSION = YES;
				CLANG_WARN_OBJC_ROOT_CLASS = YES_ERROR;
				CLANG_WARN_UNREACHABLE_CODE = YES;
				CLANG_WARN__DUPLICATE_METHOD_MATCH = YES;
				"CODE_SIGN_IDENTITY[sdk=iphoneos*]" = "iPhone Developer";
				COPY_PHASE_STRIP = NO;
				DEBUG_INFORMATION_FORMAT = dwarf;
				ENABLE_STRICT_OBJC_MSGSEND = YES;
				ENABLE_TESTABILITY = YES;
				GCC_C_LANGUAGE_STANDARD = gnu99;
				GCC_DYNAMIC_NO_PIC = NO;
				GCC_NO_COMMON_BLOCKS = YES;
				GCC_OPTIMIZATION_LEVEL = 0;
				GCC_PREPROCESSOR_DEFINITIONS = (
					"DEBUG=1",
					"$(inherited)",
				);
				GCC_WARN_64_TO_32_BIT_CONVERSION = YES;
				GCC_WARN_ABOUT_RETURN_TYPE = YES_ERROR;
				GCC_WARN_UNDECLARED_SELECTOR = YES;
				GCC_WARN_UNINITIALIZED_AUTOS = YES_AGGRESSIVE;
				GCC_WARN_UNUSED_FUNCTION = YES;
				GCC_WARN_UNUSED_VARIABLE = YES;
				IPHONEOS_DEPLOYMENT_TARGET = 9.3;
				MTL_ENABLE_DEBUG_INFO = YES;
				ONLY_ACTIVE_ARCH = YES;
				SDKROOT = iphoneos;
				SWIFT_OPTIMIZATION_LEVEL = "-Onone";
			};
			name = Debug;
		};
		C36851961D26E94000F4DC2C /* Release */ = {
			isa = XCBuildConfiguration;
			buildSettings = {
				ALWAYS_SEARCH_USER_PATHS = NO;
				CLANG_ANALYZER_NONNULL = YES;
				CLANG_CXX_LANGUAGE_STANDARD = "gnu++0x";
				CLANG_CXX_LIBRARY = "libc++";
				CLANG_ENABLE_MODULES = YES;
				CLANG_ENABLE_OBJC_ARC = YES;
				CLANG_WARN_BOOL_CONVERSION = YES;
				CLANG_WARN_CONSTANT_CONVERSION = YES;
				CLANG_WARN_DIRECT_OBJC_ISA_USAGE = YES_ERROR;
				CLANG_WARN_EMPTY_BODY = YES;
				CLANG_WARN_ENUM_CONVERSION = YES;
				CLANG_WARN_INT_CONVERSION = YES;
				CLANG_WARN_OBJC_ROOT_CLASS = YES_ERROR;
				CLANG_WARN_UNREACHABLE_CODE = YES;
				CLANG_WARN__DUPLICATE_METHOD_MATCH = YES;
				"CODE_SIGN_IDENTITY[sdk=iphoneos*]" = "iPhone Developer";
				COPY_PHASE_STRIP = NO;
				DEBUG_INFORMATION_FORMAT = "dwarf-with-dsym";
				ENABLE_NS_ASSERTIONS = NO;
				ENABLE_STRICT_OBJC_MSGSEND = YES;
				GCC_C_LANGUAGE_STANDARD = gnu99;
				GCC_NO_COMMON_BLOCKS = YES;
				GCC_WARN_64_TO_32_BIT_CONVERSION = YES;
				GCC_WARN_ABOUT_RETURN_TYPE = YES_ERROR;
				GCC_WARN_UNDECLARED_SELECTOR = YES;
				GCC_WARN_UNINITIALIZED_AUTOS = YES_AGGRESSIVE;
				GCC_WARN_UNUSED_FUNCTION = YES;
				GCC_WARN_UNUSED_VARIABLE = YES;
				IPHONEOS_DEPLOYMENT_TARGET = 9.3;
				MTL_ENABLE_DEBUG_INFO = NO;
				SDKROOT = iphoneos;
				VALIDATE_PRODUCT = YES;
			};
			name = Release;
		};
		C36851981D26E94000F4DC2C /* Debug */ = {
			isa = XCBuildConfiguration;
			baseConfigurationReference = 5D8AFED0AA911D62DF3CBB44 /* Pods-productCompatibility.debug.xcconfig */;
			buildSettings = {
				ASSETCATALOG_COMPILER_APPICON_NAME = AppIcon;
				CODE_SIGN_IDENTITY = "iPhone Developer";
				"CODE_SIGN_IDENTITY[sdk=iphoneos*]" = "iPhone Developer";
				INFOPLIST_FILE = productCompatibility/Info.plist;
				IPHONEOS_DEPLOYMENT_TARGET = 9.0;
				LD_RUNPATH_SEARCH_PATHS = "$(inherited) @executable_path/Frameworks";
				PRODUCT_BUNDLE_IDENTIFIER = com.bestbuy.productCompatibility;
				PRODUCT_NAME = "$(TARGET_NAME)";
				PROVISIONING_PROFILE = "";
			};
			name = Debug;
		};
		C36851991D26E94000F4DC2C /* Release */ = {
			isa = XCBuildConfiguration;
			baseConfigurationReference = 7D9F0F3B7454D1C0C33C254A /* Pods-productCompatibility.release.xcconfig */;
			buildSettings = {
				ASSETCATALOG_COMPILER_APPICON_NAME = AppIcon;
				CODE_SIGN_IDENTITY = "iPhone Developer";
				"CODE_SIGN_IDENTITY[sdk=iphoneos*]" = "iPhone Developer";
				INFOPLIST_FILE = productCompatibility/Info.plist;
				IPHONEOS_DEPLOYMENT_TARGET = 9.0;
				LD_RUNPATH_SEARCH_PATHS = "$(inherited) @executable_path/Frameworks";
				PRODUCT_BUNDLE_IDENTIFIER = com.bestbuy.productCompatibility;
				PRODUCT_NAME = "$(TARGET_NAME)";
				PROVISIONING_PROFILE = "";
			};
			name = Release;
		};
/* End XCBuildConfiguration section */

/* Begin XCConfigurationList section */
		C36851801D26E94000F4DC2C /* Build configuration list for PBXProject "productCompatibility" */ = {
			isa = XCConfigurationList;
			buildConfigurations = (
				C36851951D26E94000F4DC2C /* Debug */,
				C36851961D26E94000F4DC2C /* Release */,
			);
			defaultConfigurationIsVisible = 0;
			defaultConfigurationName = Release;
		};
		C36851971D26E94000F4DC2C /* Build configuration list for PBXNativeTarget "productCompatibility" */ = {
			isa = XCConfigurationList;
			buildConfigurations = (
				C36851981D26E94000F4DC2C /* Debug */,
				C36851991D26E94000F4DC2C /* Release */,
			);
			defaultConfigurationIsVisible = 0;
			defaultConfigurationName = Release;
		};
/* End XCConfigurationList section */
	};
	rootObject = C368517D1D26E94000F4DC2C /* Project object */;
}
